
Microsoft Visual Studio Solution File, Format Version 12.00
# Visual Studio Version 17
VisualStudioVersion = 17.2.32519.379
MinimumVisualStudioVersion = 10.0.40219.1
Project("{9A19103F-16F7-4668-BE54-9A1E7A4F7556}") = "AppiumSummatorMobileTests", "AppiumSummatorMobileTests\AppiumSummatorMobileTests.csproj", "{0780049B-A464-46D7-91F1-65673492B4F8}"
EndProject
Project("{9A19103F-16F7-4668-BE54-9A1E7A4F7556}") = "ContactBook", "Vivino\ContactBook.csproj", "{570A3D22-95F2-48D7-B224-4B6FF53E2FAC}"
EndProject
Global
	GlobalSection(SolutionConfigurationPlatforms) = preSolution
		Debug|Any CPU = Debug|Any CPU
		Release|Any CPU = Release|Any CPU
	EndGlobalSection
	GlobalSection(ProjectConfigurationPlatforms) = postSolution
		{0780049B-A464-46D7-91F1-65673492B4F8}.Debug|Any CPU.ActiveCfg = Debug|Any CPU
		{0780049B-A464-46D7-91F1-65673492B4F8}.Debug|Any CPU.Build.0 = Debug|Any CPU
		{0780049B-A464-46D7-91F1-65673492B4F8}.Release|Any CPU.ActiveCfg = Release|Any CPU
		{0780049B-A464-46D7-91F1-65673492B4F8}.Release|Any CPU.Build.0 = Release|Any CPU
		{570A3D22-95F2-48D7-B224-4B6FF53E2FAC}.Debug|Any CPU.ActiveCfg = Debug|Any CPU
		{570A3D22-95F2-48D7-B224-4B6FF53E2FAC}.Debug|Any CPU.Build.0 = Debug|Any CPU
		{570A3D22-95F2-48D7-B224-4B6FF53E2FAC}.Release|Any CPU.ActiveCfg = Release|Any CPU
		{570A3D22-95F2-48D7-B224-4B6FF53E2FAC}.Release|Any CPU.Build.0 = Release|Any CPU
	EndGlobalSection
	GlobalSection(SolutionProperties) = preSolution
		HideSolutionNode = FALSE
	EndGlobalSection
	GlobalSection(ExtensibilityGlobals) = postSolution
		SolutionGuid = {F8DAA2A8-29E9-459F-8991-5D8D346C5203}
	EndGlobalSection
EndGlobal
