
Microsoft Visual Studio Solution File, Format Version 12.00
# Visual Studio Version 17
VisualStudioVersion = 17.2.32519.379
MinimumVisualStudioVersion = 10.0.40219.1
Project("{FAE04EC0-301F-11D3-BF4B-00C04F79EFBC}") = "Exam Prep2", "Exam Prep2\Exam Prep2.csproj", "{BA356536-142B-4D1C-B07A-D3AA6CB5C1DA}"
EndProject
Project("{FAE04EC0-301F-11D3-BF4B-00C04F79EFBC}") = "Selenium", "Selenium\Selenium.csproj", "{46AE73C6-DA88-45B7-B054-5CA2BDDFA384}"
EndProject
Project("{FAE04EC0-301F-11D3-BF4B-00C04F79EFBC}") = "AppiumAndroid", "AppiumAndroid\AppiumAndroid.csproj", "{CC68F51E-DA0C-4BE4-8C3A-CB388E0AAFDE}"
EndProject
Global
	GlobalSection(SolutionConfigurationPlatforms) = preSolution
		Debug|Any CPU = Debug|Any CPU
		Release|Any CPU = Release|Any CPU
	EndGlobalSection
	GlobalSection(ProjectConfigurationPlatforms) = postSolution
		{BA356536-142B-4D1C-B07A-D3AA6CB5C1DA}.Debug|Any CPU.ActiveCfg = Debug|Any CPU
		{BA356536-142B-4D1C-B07A-D3AA6CB5C1DA}.Debug|Any CPU.Build.0 = Debug|Any CPU
		{BA356536-142B-4D1C-B07A-D3AA6CB5C1DA}.Release|Any CPU.ActiveCfg = Release|Any CPU
		{BA356536-142B-4D1C-B07A-D3AA6CB5C1DA}.Release|Any CPU.Build.0 = Release|Any CPU
		{46AE73C6-DA88-45B7-B054-5CA2BDDFA384}.Debug|Any CPU.ActiveCfg = Debug|Any CPU
		{46AE73C6-DA88-45B7-B054-5CA2BDDFA384}.Debug|Any CPU.Build.0 = Debug|Any CPU
		{46AE73C6-DA88-45B7-B054-5CA2BDDFA384}.Release|Any CPU.ActiveCfg = Release|Any CPU
		{46AE73C6-DA88-45B7-B054-5CA2BDDFA384}.Release|Any CPU.Build.0 = Release|Any CPU
		{CC68F51E-DA0C-4BE4-8C3A-CB388E0AAFDE}.Debug|Any CPU.ActiveCfg = Debug|Any CPU
		{CC68F51E-DA0C-4BE4-8C3A-CB388E0AAFDE}.Debug|Any CPU.Build.0 = Debug|Any CPU
		{CC68F51E-DA0C-4BE4-8C3A-CB388E0AAFDE}.Release|Any CPU.ActiveCfg = Release|Any CPU
		{CC68F51E-DA0C-4BE4-8C3A-CB388E0AAFDE}.Release|Any CPU.Build.0 = Release|Any CPU
	EndGlobalSection
	GlobalSection(SolutionProperties) = preSolution
		HideSolutionNode = FALSE
	EndGlobalSection
	GlobalSection(ExtensibilityGlobals) = postSolution
		SolutionGuid = {CC8E4513-AC7A-4D5B-88B0-243C49FD833F}
	EndGlobalSection
EndGlobal
