
Microsoft Visual Studio Solution File, Format Version 12.00
# Visual Studio Version 17
VisualStudioVersion = 17.1.32421.90
MinimumVisualStudioVersion = 10.0.40219.1
Project("{FAE04EC0-301F-11D3-BF4B-00C04F79EFBC}") = "ReshSharp_Github_Demo", "ReshSharp_Github_Demo\ReshSharp_Github_Demo.csproj", "{2B273878-22F8-4A77-ADE5-C6F320B1A2F7}"
EndProject
Project("{FAE04EC0-301F-11D3-BF4B-00C04F79EFBC}") = "TestGitHubApi", "TestGitHubApi\TestGitHubApi.csproj", "{ECE30315-1C0E-4012-8438-FFF84CC4E93E}"
EndProject
Global
	GlobalSection(SolutionConfigurationPlatforms) = preSolution
		Debug|Any CPU = Debug|Any CPU
		Release|Any CPU = Release|Any CPU
	EndGlobalSection
	GlobalSection(ProjectConfigurationPlatforms) = postSolution
		{2B273878-22F8-4A77-ADE5-C6F320B1A2F7}.Debug|Any CPU.ActiveCfg = Debug|Any CPU
		{2B273878-22F8-4A77-ADE5-C6F320B1A2F7}.Debug|Any CPU.Build.0 = Debug|Any CPU
		{2B273878-22F8-4A77-ADE5-C6F320B1A2F7}.Release|Any CPU.ActiveCfg = Release|Any CPU
		{2B273878-22F8-4A77-ADE5-C6F320B1A2F7}.Release|Any CPU.Build.0 = Release|Any CPU
		{ECE30315-1C0E-4012-8438-FFF84CC4E93E}.Debug|Any CPU.ActiveCfg = Debug|Any CPU
		{ECE30315-1C0E-4012-8438-FFF84CC4E93E}.Debug|Any CPU.Build.0 = Debug|Any CPU
		{ECE30315-1C0E-4012-8438-FFF84CC4E93E}.Release|Any CPU.ActiveCfg = Release|Any CPU
		{ECE30315-1C0E-4012-8438-FFF84CC4E93E}.Release|Any CPU.Build.0 = Release|Any CPU
	EndGlobalSection
	GlobalSection(SolutionProperties) = preSolution
		HideSolutionNode = FALSE
	EndGlobalSection
	GlobalSection(ExtensibilityGlobals) = postSolution
		SolutionGuid = {79DB565B-77E1-4542-884E-17A39B61269A}
	EndGlobalSection
EndGlobal
