
Microsoft Visual Studio Solution File, Format Version 12.00
# Visual Studio Version 17
VisualStudioVersion = 17.2.32519.379
MinimumVisualStudioVersion = 10.0.40219.1
Project("{FAE04EC0-301F-11D3-BF4B-00C04F79EFBC}") = "TaskBoardSystem", "TaskBoardSystem\TaskBoardSystem.csproj", "{FDA72528-D5CA-4715-85B2-BA3315D07E84}"
EndProject
Project("{FAE04EC0-301F-11D3-BF4B-00C04F79EFBC}") = "TaskBoardWebAppSelenium", "TaskBoardWebAppSelenium\TaskBoardWebAppSelenium.csproj", "{767FF1AB-73D6-4864-B78C-521C9AEC874D}"
EndProject
Project("{FAE04EC0-301F-11D3-BF4B-00C04F79EFBC}") = "AppiumAndroid", "AppiumAndroid\AppiumAndroid.csproj", "{C43221E1-597B-4604-9476-C764C54B2542}"
EndProject
Global
	GlobalSection(SolutionConfigurationPlatforms) = preSolution
		Debug|Any CPU = Debug|Any CPU
		Release|Any CPU = Release|Any CPU
	EndGlobalSection
	GlobalSection(ProjectConfigurationPlatforms) = postSolution
		{FDA72528-D5CA-4715-85B2-BA3315D07E84}.Debug|Any CPU.ActiveCfg = Debug|Any CPU
		{FDA72528-D5CA-4715-85B2-BA3315D07E84}.Debug|Any CPU.Build.0 = Debug|Any CPU
		{FDA72528-D5CA-4715-85B2-BA3315D07E84}.Release|Any CPU.ActiveCfg = Release|Any CPU
		{FDA72528-D5CA-4715-85B2-BA3315D07E84}.Release|Any CPU.Build.0 = Release|Any CPU
		{767FF1AB-73D6-4864-B78C-521C9AEC874D}.Debug|Any CPU.ActiveCfg = Debug|Any CPU
		{767FF1AB-73D6-4864-B78C-521C9AEC874D}.Debug|Any CPU.Build.0 = Debug|Any CPU
		{767FF1AB-73D6-4864-B78C-521C9AEC874D}.Release|Any CPU.ActiveCfg = Release|Any CPU
		{767FF1AB-73D6-4864-B78C-521C9AEC874D}.Release|Any CPU.Build.0 = Release|Any CPU
		{C43221E1-597B-4604-9476-C764C54B2542}.Debug|Any CPU.ActiveCfg = Debug|Any CPU
		{C43221E1-597B-4604-9476-C764C54B2542}.Debug|Any CPU.Build.0 = Debug|Any CPU
		{C43221E1-597B-4604-9476-C764C54B2542}.Release|Any CPU.ActiveCfg = Release|Any CPU
		{C43221E1-597B-4604-9476-C764C54B2542}.Release|Any CPU.Build.0 = Release|Any CPU
	EndGlobalSection
	GlobalSection(SolutionProperties) = preSolution
		HideSolutionNode = FALSE
	EndGlobalSection
	GlobalSection(ExtensibilityGlobals) = postSolution
		SolutionGuid = {6726ECDF-AF86-456C-975D-61275C14DA96}
	EndGlobalSection
EndGlobal
